
Microsoft Visual Studio Solution File, Format Version 12.00
# Visual Studio Version 16
VisualStudioVersion = 16.0.30523.141
MinimumVisualStudioVersion = 10.0.40219.1
Project("{9A19103F-16F7-4668-BE54-9A1E7A4F7556}") = "SuperFizzBuzz", "SuperFizzBuzz\SuperFizzBuzz.csproj", "{5B70459D-A3E0-4A4C-A486-A4720CB2AA31}"
EndProject
Project("{9A19103F-16F7-4668-BE54-9A1E7A4F7556}") = "FizzBuzz", "BL\FizzBuzz.csproj", "{17E8DDED-1B5B-4606-A461-FDD07EFD51CF}"
EndProject
Project("{FAE04EC0-301F-11D3-BF4B-00C04F79EFBC}") = "ISuperFizzBuzz", "ISuperFizzBuzz\ISuperFizzBuzz.csproj", "{9C8688EF-D38B-42D0-B2FD-61DF491BD165}"
EndProject
Project("{FAE04EC0-301F-11D3-BF4B-00C04F79EFBC}") = "UTSuperFizzBuzz", "UTSuperFizzBuzz\UTSuperFizzBuzz.csproj", "{99B2823F-1FA0-4260-88D5-AE54CE8877B8}"
EndProject
Global
	GlobalSection(SolutionConfigurationPlatforms) = preSolution
		Debug|Any CPU = Debug|Any CPU
		Release|Any CPU = Release|Any CPU
	EndGlobalSection
	GlobalSection(ProjectConfigurationPlatforms) = postSolution
		{5B70459D-A3E0-4A4C-A486-A4720CB2AA31}.Debug|Any CPU.ActiveCfg = Debug|Any CPU
		{5B70459D-A3E0-4A4C-A486-A4720CB2AA31}.Debug|Any CPU.Build.0 = Debug|Any CPU
		{5B70459D-A3E0-4A4C-A486-A4720CB2AA31}.Release|Any CPU.ActiveCfg = Release|Any CPU
		{5B70459D-A3E0-4A4C-A486-A4720CB2AA31}.Release|Any CPU.Build.0 = Release|Any CPU
		{17E8DDED-1B5B-4606-A461-FDD07EFD51CF}.Debug|Any CPU.ActiveCfg = Debug|Any CPU
		{17E8DDED-1B5B-4606-A461-FDD07EFD51CF}.Debug|Any CPU.Build.0 = Debug|Any CPU
		{17E8DDED-1B5B-4606-A461-FDD07EFD51CF}.Release|Any CPU.ActiveCfg = Release|Any CPU
		{17E8DDED-1B5B-4606-A461-FDD07EFD51CF}.Release|Any CPU.Build.0 = Release|Any CPU
		{9C8688EF-D38B-42D0-B2FD-61DF491BD165}.Debug|Any CPU.ActiveCfg = Debug|Any CPU
		{9C8688EF-D38B-42D0-B2FD-61DF491BD165}.Debug|Any CPU.Build.0 = Debug|Any CPU
		{9C8688EF-D38B-42D0-B2FD-61DF491BD165}.Release|Any CPU.ActiveCfg = Release|Any CPU
		{9C8688EF-D38B-42D0-B2FD-61DF491BD165}.Release|Any CPU.Build.0 = Release|Any CPU
		{99B2823F-1FA0-4260-88D5-AE54CE8877B8}.Debug|Any CPU.ActiveCfg = Debug|Any CPU
		{99B2823F-1FA0-4260-88D5-AE54CE8877B8}.Debug|Any CPU.Build.0 = Debug|Any CPU
		{99B2823F-1FA0-4260-88D5-AE54CE8877B8}.Release|Any CPU.ActiveCfg = Release|Any CPU
		{99B2823F-1FA0-4260-88D5-AE54CE8877B8}.Release|Any CPU.Build.0 = Release|Any CPU
	EndGlobalSection
	GlobalSection(SolutionProperties) = preSolution
		HideSolutionNode = FALSE
	EndGlobalSection
	GlobalSection(ExtensibilityGlobals) = postSolution
		SolutionGuid = {3234DE1E-55A2-4A26-B0EB-5893490DB817}
	EndGlobalSection
EndGlobal
